{
    "version": 3,
    "terraform_version": "0.11.13",
    "serial": 3,
    "lineage": "087396d0-62ae-53e9-01e2-6b6f2419f67d",
    "modules": [
        {
            "path": [
                "root"
            ],
            "outputs": {},
            "resources": {
                "aws_instance.example": {
                    "type": "aws_instance",
                    "depends_on": [
                        "aws_security_group.test"
                    ],
                    "primary": {
                        "id": "i-0fbb019b5d30b196c",
                        "attributes": {
                            "ami": "ami-0323c3dd2da7fb37d",
                            "arn": "arn:aws:ec2:us-east-1:391422343529:instance/i-0fbb019b5d30b196c",
                            "associate_public_ip_address": "true",
                            "availability_zone": "us-east-1a",
                            "cpu_core_count": "1",
                            "cpu_threads_per_core": "1",
                            "credit_specification.#": "1",
                            "credit_specification.0.cpu_credits": "standard",
                            "disable_api_termination": "false",
                            "ebs_block_device.#": "0",
                            "ebs_optimized": "false",
                            "ephemeral_block_device.#": "0",
                            "get_password_data": "false",
                            "hibernation": "false",
                            "iam_instance_profile": "",
                            "id": "i-0fbb019b5d30b196c",
                            "instance_state": "running",
                            "instance_type": "t2.micro",
                            "ipv6_address_count": "0",
                            "ipv6_addresses.#": "0",
                            "key_name": "bastion",
                            "metadata_options.#": "1",
                            "metadata_options.0.http_endpoint": "enabled",
                            "metadata_options.0.http_put_response_hop_limit": "1",
                            "metadata_options.0.http_tokens": "optional",
                            "monitoring": "false",
                            "network_interface.#": "0",
                            "outpost_arn": "",
                            "password_data": "",
                            "placement_group": "",
                            "primary_network_interface_id": "eni-0a15eb66c0930ed40",
                            "private_dns": "ip-172-31-23-203.ec2.internal",
                            "private_ip": "172.31.23.203",
                            "public_dns": "ec2-35-175-179-69.compute-1.amazonaws.com",
                            "public_ip": "35.175.179.69",
                            "root_block_device.#": "1",
                            "root_block_device.0.delete_on_termination": "true",
                            "root_block_device.0.device_name": "/dev/xvda",
                            "root_block_device.0.encrypted": "false",
                            "root_block_device.0.iops": "100",
                            "root_block_device.0.kms_key_id": "",
                            "root_block_device.0.volume_id": "vol-0100249739ec8c9ef",
                            "root_block_device.0.volume_size": "8",
                            "root_block_device.0.volume_type": "gp2",
                            "security_groups.#": "1",
                            "security_groups.2334951430": "terraform-20201106030243104900000001",
                            "source_dest_check": "true",
                            "subnet_id": "subnet-cffe8582",
                            "tags.%": "1",
                            "tags.Name": "example",
                            "tenancy": "default",
                            "volume_tags.%": "0",
                            "vpc_security_group_ids.#": "1",
                            "vpc_security_group_ids.4123968230": "sg-07ecd23e0295745ab"
                        },
                        "meta": {
                            "e2bfb730-ecaa-11e6-8f88-34363bc7c4c0": {
                                "create": 600000000000,
                                "delete": 1200000000000,
                                "update": 600000000000
                            },
                            "schema_version": "1"
                        },
                        "tainted": false
                    },
                    "deposed": [],
                    "provider": "provider.aws"
                },
                "aws_key_pair.us-east-1-bastion-key": {
                    "type": "aws_key_pair",
                    "depends_on": [],
                    "primary": {
                        "id": "bastion",
                        "attributes": {
                            "arn": "arn:aws:ec2:us-east-1:391422343529:key-pair/bastion",
                            "fingerprint": "25:0b:f9:ac:25:98:0b:8e:7d:b8:87:92:8f:8d:b5:74",
                            "id": "bastion",
                            "key_name": "bastion",
                            "key_pair_id": "key-0023c51105844bce1",
                            "public_key": "ssh-rsa AAAAB3NzaC1yc2EAAAADAQABAAABAQC6A0YYZ47FJtgyv4wK+ya25+PHzn5JzS7hC72ebauoRYFi9DCpUzbLQBrlDPBBcBif2XFU2dZs3HIWzXmUTTFjhPvt0cPBY/pbmXX8AgdEz0I3sk++7XyC6J3cRpxbT6cgymZRgLgyxDbKzAoO3Rr0/KP8Zti/dk/4L4o9C38m0Cp33BkUrKdoQxqF3AbiPoql5RoLxTQBfQAPnnA15hSCVGGohSamxSm5SE/2npb1NielDWfDsn49ViUKWPAhXBMaZM5bGxNSgrnQH8xDpD0GTJ20JqG0ys14l1EgadMxAp4w1/PPXb9Xw94/bTg0PnGoWh+GnH8eOHC44JYHGu5D centos@Bastion",
                            "tags.%": "0"
                        },
                        "meta": {
                            "schema_version": "1"
                        },
                        "tainted": false
                    },
                    "deposed": [],
                    "provider": "provider.aws"
                },
                "aws_security_group.test": {
                    "type": "aws_security_group",
                    "depends_on": [],
                    "primary": {
                        "id": "sg-07ecd23e0295745ab",
                        "attributes": {
                            "arn": "arn:aws:ec2:us-east-1:391422343529:security-group/sg-07ecd23e0295745ab",
                            "description": "Managed by Terraform",
                            "egress.#": "1",
                            "egress.482069346.cidr_blocks.#": "1",
                            "egress.482069346.cidr_blocks.0": "0.0.0.0/0",
                            "egress.482069346.description": "",
                            "egress.482069346.from_port": "0",
                            "egress.482069346.ipv6_cidr_blocks.#": "0",
                            "egress.482069346.prefix_list_ids.#": "0",
                            "egress.482069346.protocol": "-1",
                            "egress.482069346.security_groups.#": "0",
                            "egress.482069346.self": "false",
                            "egress.482069346.to_port": "0",
                            "id": "sg-07ecd23e0295745ab",
                            "ingress.#": "1",
                            "ingress.482069346.cidr_blocks.#": "1",
                            "ingress.482069346.cidr_blocks.0": "0.0.0.0/0",
                            "ingress.482069346.description": "",
                            "ingress.482069346.from_port": "0",
                            "ingress.482069346.ipv6_cidr_blocks.#": "0",
                            "ingress.482069346.prefix_list_ids.#": "0",
                            "ingress.482069346.protocol": "-1",
                            "ingress.482069346.security_groups.#": "0",
                            "ingress.482069346.self": "false",
                            "ingress.482069346.to_port": "0",
                            "name": "terraform-20201106030243104900000001",
                            "owner_id": "391422343529",
                            "revoke_rules_on_delete": "false",
                            "tags.%": "1",
                            "tags.Name": "test",
                            "vpc_id": "vpc-58965125"
                        },
                        "meta": {
                            "e2bfb730-ecaa-11e6-8f88-34363bc7c4c0": {
                                "create": 600000000000,
                                "delete": 600000000000
                            },
                            "schema_version": "1"
                        },
                        "tainted": false
                    },
                    "deposed": [],
                    "provider": "provider.aws"
                }
            },
            "depends_on": []
        }
    ]
}
