{
    "version": 3,
    "terraform_version": "0.11.13",
    "serial": 2,
    "lineage": "87979f98-826c-fd22-9b37-67d981cd35a2",
    "modules": [
        {
            "path": [
                "root"
            ],
            "outputs": {},
            "resources": {
                "aws_key_pair.us-east-1-bastion-key": {
                    "type": "aws_key_pair",
                    "depends_on": [],
                    "primary": {
                        "id": "bastion-key",
                        "attributes": {
                            "arn": "arn:aws:ec2:us-east-1:391422343529:key-pair/bastion-key",
                            "fingerprint": "25:0b:f9:ac:25:98:0b:8e:7d:b8:87:92:8f:8d:b5:74",
                            "id": "bastion-key",
                            "key_name": "bastion-key",
                            "key_pair_id": "key-053d69e7c424b67ce",
                            "public_key": "ssh-rsa AAAAB3NzaC1yc2EAAAADAQABAAABAQC6A0YYZ47FJtgyv4wK+ya25+PHzn5JzS7hC72ebauoRYFi9DCpUzbLQBrlDPBBcBif2XFU2dZs3HIWzXmUTTFjhPvt0cPBY/pbmXX8AgdEz0I3sk++7XyC6J3cRpxbT6cgymZRgLgyxDbKzAoO3Rr0/KP8Zti/dk/4L4o9C38m0Cp33BkUrKdoQxqF3AbiPoql5RoLxTQBfQAPnnA15hSCVGGohSamxSm5SE/2npb1NielDWfDsn49ViUKWPAhXBMaZM5bGxNSgrnQH8xDpD0GTJ20JqG0ys14l1EgadMxAp4w1/PPXb9Xw94/bTg0PnGoWh+GnH8eOHC44JYHGu5D centos@Bastion",
                            "tags.%": "0"
                        },
                        "meta": {
                            "schema_version": "1"
                        },
                        "tainted": false
                    },
                    "deposed": [],
                    "provider": "provider.aws"
                }
            },
            "depends_on": []
        }
    ]
}
